// !$*UTF8*$!
{
	archiveVersion = 1;
	classes = {
	};
	objectVersion = 56;
	objects = {

/* Begin PBXBuildFile section */
		8D03493F2AAB03FB00038C5B /* FructusSwiftUIApp.swift in Sources */ = {isa = PBXBuildFile; fileRef = 8D03493E2AAB03FB00038C5B /* FructusSwiftUIApp.swift */; };
		8D0349412AAB03FB00038C5B /* ContentView.swift in Sources */ = {isa = PBXBuildFile; fileRef = 8D0349402AAB03FB00038C5B /* ContentView.swift */; };
		8D0349432AAB03FD00038C5B /* Assets.xcassets in Resources */ = {isa = PBXBuildFile; fileRef = 8D0349422AAB03FD00038C5B /* Assets.xcassets */; };
		8D0349462AAB03FD00038C5B /* Preview Assets.xcassets in Resources */ = {isa = PBXBuildFile; fileRef = 8D0349452AAB03FD00038C5B /* Preview Assets.xcassets */; };
		8D0349502AAB0BFF00038C5B /* FruitCardView.swift in Sources */ = {isa = PBXBuildFile; fileRef = 8D03494F2AAB0BFF00038C5B /* FruitCardView.swift */; };
		8D0349522AAB113500038C5B /* StartButtonView.swift in Sources */ = {isa = PBXBuildFile; fileRef = 8D0349512AAB113500038C5B /* StartButtonView.swift */; };
		8D0349542AAB18E300038C5B /* OnBoardingView.swift in Sources */ = {isa = PBXBuildFile; fileRef = 8D0349532AAB18E300038C5B /* OnBoardingView.swift */; };
		8D0349572AAB29D000038C5B /* Fruit.swift in Sources */ = {isa = PBXBuildFile; fileRef = 8D0349562AAB29D000038C5B /* Fruit.swift */; };
		8D03495A2AAB2AEC00038C5B /* FruitisData.swift in Sources */ = {isa = PBXBuildFile; fileRef = 8D0349592AAB2AEC00038C5B /* FruitisData.swift */; };
		8D03495C2AAB572F00038C5B /* FruitRowView.swift in Sources */ = {isa = PBXBuildFile; fileRef = 8D03495B2AAB572F00038C5B /* FruitRowView.swift */; };
		8DA0B52A2AAB8EB000A145B4 /* FruitDetailView.swift in Sources */ = {isa = PBXBuildFile; fileRef = 8DA0B5292AAB8EB000A145B4 /* FruitDetailView.swift */; };
		8DA0B52C2AAB98DF00A145B4 /* FruitHeaderView.swift in Sources */ = {isa = PBXBuildFile; fileRef = 8DA0B52B2AAB98DF00A145B4 /* FruitHeaderView.swift */; };
		8DA0B52E2AAB9D5400A145B4 /* SourseLinkView.swift in Sources */ = {isa = PBXBuildFile; fileRef = 8DA0B52D2AAB9D5400A145B4 /* SourseLinkView.swift */; };
		8DA0B5302AAC791700A145B4 /* FruitNutrientsView.swift in Sources */ = {isa = PBXBuildFile; fileRef = 8DA0B52F2AAC791700A145B4 /* FruitNutrientsView.swift */; };
		8DA0B5322AAC883300A145B4 /* SettingsView.swift in Sources */ = {isa = PBXBuildFile; fileRef = 8DA0B5312AAC883300A145B4 /* SettingsView.swift */; };
		8DA0B5342AACA85F00A145B4 /* SettingsLabelView.swift in Sources */ = {isa = PBXBuildFile; fileRef = 8DA0B5332AACA85F00A145B4 /* SettingsLabelView.swift */; };
		8DA0B5362AACA8F600A145B4 /* SettingsRowView.swift in Sources */ = {isa = PBXBuildFile; fileRef = 8DA0B5352AACA8F600A145B4 /* SettingsRowView.swift */; };
/* End PBXBuildFile section */

/* Begin PBXFileReference section */
		8D03493B2AAB03FB00038C5B /* FructusSwiftUI.app */ = {isa = PBXFileReference; explicitFileType = wrapper.application; includeInIndex = 0; path = FructusSwiftUI.app; sourceTree = BUILT_PRODUCTS_DIR; };
		8D03493E2AAB03FB00038C5B /* FructusSwiftUIApp.swift */ = {isa = PBXFileReference; lastKnownFileType = sourcecode.swift; path = FructusSwiftUIApp.swift; sourceTree = "<group>"; };
		8D0349402AAB03FB00038C5B /* ContentView.swift */ = {isa = PBXFileReference; lastKnownFileType = sourcecode.swift; path = ContentView.swift; sourceTree = "<group>"; };
		8D0349422AAB03FD00038C5B /* Assets.xcassets */ = {isa = PBXFileReference; lastKnownFileType = folder.assetcatalog; path = Assets.xcassets; sourceTree = "<group>"; };
		8D0349452AAB03FD00038C5B /* Preview Assets.xcassets */ = {isa = PBXFileReference; lastKnownFileType = folder.assetcatalog; path = "Preview Assets.xcassets"; sourceTree = "<group>"; };
		8D03494F2AAB0BFF00038C5B /* FruitCardView.swift */ = {isa = PBXFileReference; lastKnownFileType = sourcecode.swift; path = FruitCardView.swift; sourceTree = "<group>"; };
		8D0349512AAB113500038C5B /* StartButtonView.swift */ = {isa = PBXFileReference; lastKnownFileType = sourcecode.swift; path = StartButtonView.swift; sourceTree = "<group>"; };
		8D0349532AAB18E300038C5B /* OnBoardingView.swift */ = {isa = PBXFileReference; lastKnownFileType = sourcecode.swift; path = OnBoardingView.swift; sourceTree = "<group>"; };
		8D0349562AAB29D000038C5B /* Fruit.swift */ = {isa = PBXFileReference; lastKnownFileType = sourcecode.swift; path = Fruit.swift; sourceTree = "<group>"; };
		8D0349592AAB2AEC00038C5B /* FruitisData.swift */ = {isa = PBXFileReference; lastKnownFileType = sourcecode.swift; path = FruitisData.swift; sourceTree = "<group>"; };
		8D03495B2AAB572F00038C5B /* FruitRowView.swift */ = {isa = PBXFileReference; lastKnownFileType = sourcecode.swift; path = FruitRowView.swift; sourceTree = "<group>"; };
		8DA0B5292AAB8EB000A145B4 /* FruitDetailView.swift */ = {isa = PBXFileReference; lastKnownFileType = sourcecode.swift; path = FruitDetailView.swift; sourceTree = "<group>"; };
		8DA0B52B2AAB98DF00A145B4 /* FruitHeaderView.swift */ = {isa = PBXFileReference; lastKnownFileType = sourcecode.swift; path = FruitHeaderView.swift; sourceTree = "<group>"; };
		8DA0B52D2AAB9D5400A145B4 /* SourseLinkView.swift */ = {isa = PBXFileReference; lastKnownFileType = sourcecode.swift; path = SourseLinkView.swift; sourceTree = "<group>"; };
		8DA0B52F2AAC791700A145B4 /* FruitNutrientsView.swift */ = {isa = PBXFileReference; lastKnownFileType = sourcecode.swift; path = FruitNutrientsView.swift; sourceTree = "<group>"; };
		8DA0B5312AAC883300A145B4 /* SettingsView.swift */ = {isa = PBXFileReference; lastKnownFileType = sourcecode.swift; path = SettingsView.swift; sourceTree = "<group>"; };
		8DA0B5332AACA85F00A145B4 /* SettingsLabelView.swift */ = {isa = PBXFileReference; lastKnownFileType = sourcecode.swift; path = SettingsLabelView.swift; sourceTree = "<group>"; };
		8DA0B5352AACA8F600A145B4 /* SettingsRowView.swift */ = {isa = PBXFileReference; lastKnownFileType = sourcecode.swift; path = SettingsRowView.swift; sourceTree = "<group>"; };
/* End PBXFileReference section */

/* Begin PBXFrameworksBuildPhase section */
		8D0349382AAB03FB00038C5B /* Frameworks */ = {
			isa = PBXFrameworksBuildPhase;
			buildActionMask = 2147483647;
			files = (
			);
			runOnlyForDeploymentPostprocessing = 0;
		};
/* End PBXFrameworksBuildPhase section */

/* Begin PBXGroup section */
		8D0349322AAB03FB00038C5B = {
			isa = PBXGroup;
			children = (
				8D03493D2AAB03FB00038C5B /* FructusSwiftUI */,
				8D03493C2AAB03FB00038C5B /* Products */,
			);
			sourceTree = "<group>";
		};
		8D03493C2AAB03FB00038C5B /* Products */ = {
			isa = PBXGroup;
			children = (
				8D03493B2AAB03FB00038C5B /* FructusSwiftUI.app */,
			);
			name = Products;
			sourceTree = "<group>";
		};
		8D03493D2AAB03FB00038C5B /* FructusSwiftUI */ = {
			isa = PBXGroup;
			children = (
				8D03494C2AAB053400038C5B /* App */,
				8D03494E2AAB0BD700038C5B /* View */,
				8D0349582AAB2ADB00038C5B /* Data */,
				8D0349552AAB29BA00038C5B /* DataModel */,
				8D03494D2AAB054300038C5B /* Resourses */,
				8D0349442AAB03FD00038C5B /* Preview Content */,
			);
			path = FructusSwiftUI;
			sourceTree = "<group>";
		};
		8D0349442AAB03FD00038C5B /* Preview Content */ = {
			isa = PBXGroup;
			children = (
				8D0349452AAB03FD00038C5B /* Preview Assets.xcassets */,
			);
			path = "Preview Content";
			sourceTree = "<group>";
		};
		8D03494C2AAB053400038C5B /* App */ = {
			isa = PBXGroup;
			children = (
				8D0349532AAB18E300038C5B /* OnBoardingView.swift */,
				8D03493E2AAB03FB00038C5B /* FructusSwiftUIApp.swift */,
				8D0349402AAB03FB00038C5B /* ContentView.swift */,
				8DA0B5292AAB8EB000A145B4 /* FruitDetailView.swift */,
				8DA0B5312AAC883300A145B4 /* SettingsView.swift */,
			);
			path = App;
			sourceTree = "<group>";
		};
		8D03494D2AAB054300038C5B /* Resourses */ = {
			isa = PBXGroup;
			children = (
				8D0349422AAB03FD00038C5B /* Assets.xcassets */,
			);
			path = Resourses;
			sourceTree = "<group>";
		};
		8D03494E2AAB0BD700038C5B /* View */ = {
			isa = PBXGroup;
			children = (
				8D03494F2AAB0BFF00038C5B /* FruitCardView.swift */,
				8D0349512AAB113500038C5B /* StartButtonView.swift */,
				8D03495B2AAB572F00038C5B /* FruitRowView.swift */,
				8DA0B52B2AAB98DF00A145B4 /* FruitHeaderView.swift */,
				8DA0B52D2AAB9D5400A145B4 /* SourseLinkView.swift */,
				8DA0B52F2AAC791700A145B4 /* FruitNutrientsView.swift */,
				8DA0B5332AACA85F00A145B4 /* SettingsLabelView.swift */,
				8DA0B5352AACA8F600A145B4 /* SettingsRowView.swift */,
			);
			path = View;
			sourceTree = "<group>";
		};
		8D0349552AAB29BA00038C5B /* DataModel */ = {
			isa = PBXGroup;
			children = (
				8D0349562AAB29D000038C5B /* Fruit.swift */,
			);
			path = DataModel;
			sourceTree = "<group>";
		};
		8D0349582AAB2ADB00038C5B /* Data */ = {
			isa = PBXGroup;
			children = (
				8D0349592AAB2AEC00038C5B /* FruitisData.swift */,
			);
			path = Data;
			sourceTree = "<group>";
		};
/* End PBXGroup section */

/* Begin PBXNativeTarget section */
		8D03493A2AAB03FB00038C5B /* FructusSwiftUI */ = {
			isa = PBXNativeTarget;
			buildConfigurationList = 8D0349492AAB03FD00038C5B /* Build configuration list for PBXNativeTarget "FructusSwiftUI" */;
			buildPhases = (
				8D0349372AAB03FB00038C5B /* Sources */,
				8D0349382AAB03FB00038C5B /* Frameworks */,
				8D0349392AAB03FB00038C5B /* Resources */,
			);
			buildRules = (
			);
			dependencies = (
			);
			name = FructusSwiftUI;
			productName = FructusSwiftUI;
			productReference = 8D03493B2AAB03FB00038C5B /* FructusSwiftUI.app */;
			productType = "com.apple.product-type.application";
		};
/* End PBXNativeTarget section */

/* Begin PBXProject section */
		8D0349332AAB03FB00038C5B /* Project object */ = {
			isa = PBXProject;
			attributes = {
				BuildIndependentTargetsInParallel = 1;
				LastSwiftUpdateCheck = 1430;
				LastUpgradeCheck = 1430;
				TargetAttributes = {
					8D03493A2AAB03FB00038C5B = {
						CreatedOnToolsVersion = 14.3.1;
					};
				};
			};
			buildConfigurationList = 8D0349362AAB03FB00038C5B /* Build configuration list for PBXProject "FructusSwiftUI" */;
			compatibilityVersion = "Xcode 14.0";
			developmentRegion = en;
			hasScannedForEncodings = 0;
			knownRegions = (
				en,
				Base,
			);
			mainGroup = 8D0349322AAB03FB00038C5B;
			productRefGroup = 8D03493C2AAB03FB00038C5B /* Products */;
			projectDirPath = "";
			projectRoot = "";
			targets = (
				8D03493A2AAB03FB00038C5B /* FructusSwiftUI */,
			);
		};
/* End PBXProject section */

/* Begin PBXResourcesBuildPhase section */
		8D0349392AAB03FB00038C5B /* Resources */ = {
			isa = PBXResourcesBuildPhase;
			buildActionMask = 2147483647;
			files = (
				8D0349462AAB03FD00038C5B /* Preview Assets.xcassets in Resources */,
				8D0349432AAB03FD00038C5B /* Assets.xcassets in Resources */,
			);
			runOnlyForDeploymentPostprocessing = 0;
		};
/* End PBXResourcesBuildPhase section */

/* Begin PBXSourcesBuildPhase section */
		8D0349372AAB03FB00038C5B /* Sources */ = {
			isa = PBXSourcesBuildPhase;
			buildActionMask = 2147483647;
			files = (
				8D03495A2AAB2AEC00038C5B /* FruitisData.swift in Sources */,
				8DA0B52E2AAB9D5400A145B4 /* SourseLinkView.swift in Sources */,
				8DA0B5362AACA8F600A145B4 /* SettingsRowView.swift in Sources */,
				8D0349502AAB0BFF00038C5B /* FruitCardView.swift in Sources */,
				8D03495C2AAB572F00038C5B /* FruitRowView.swift in Sources */,
				8DA0B5302AAC791700A145B4 /* FruitNutrientsView.swift in Sources */,
				8D0349522AAB113500038C5B /* StartButtonView.swift in Sources */,
				8DA0B52A2AAB8EB000A145B4 /* FruitDetailView.swift in Sources */,
				8D0349412AAB03FB00038C5B /* ContentView.swift in Sources */,
				8DA0B52C2AAB98DF00A145B4 /* FruitHeaderView.swift in Sources */,
				8D0349542AAB18E300038C5B /* OnBoardingView.swift in Sources */,
				8DA0B5342AACA85F00A145B4 /* SettingsLabelView.swift in Sources */,
				8D0349572AAB29D000038C5B /* Fruit.swift in Sources */,
				8D03493F2AAB03FB00038C5B /* FructusSwiftUIApp.swift in Sources */,
				8DA0B5322AAC883300A145B4 /* SettingsView.swift in Sources */,
			);
			runOnlyForDeploymentPostprocessing = 0;
		};
/* End PBXSourcesBuildPhase section */

/* Begin XCBuildConfiguration section */
		8D0349472AAB03FD00038C5B /* Debug */ = {
			isa = XCBuildConfiguration;
			buildSettings = {
				ALWAYS_SEARCH_USER_PATHS = NO;
				CLANG_ANALYZER_NONNULL = YES;
				CLANG_ANALYZER_NUMBER_OBJECT_CONVERSION = YES_AGGRESSIVE;
				CLANG_CXX_LANGUAGE_STANDARD = "gnu++20";
				CLANG_ENABLE_MODULES = YES;
				CLANG_ENABLE_OBJC_ARC = YES;
				CLANG_ENABLE_OBJC_WEAK = YES;
				CLANG_WARN_BLOCK_CAPTURE_AUTORELEASING = YES;
				CLANG_WARN_BOOL_CONVERSION = YES;
				CLANG_WARN_COMMA = YES;
				CLANG_WARN_CONSTANT_CONVERSION = YES;
				CLANG_WARN_DEPRECATED_OBJC_IMPLEMENTATIONS = YES;
				CLANG_WARN_DIRECT_OBJC_ISA_USAGE = YES_ERROR;
				CLANG_WARN_DOCUMENTATION_COMMENTS = YES;
				CLANG_WARN_EMPTY_BODY = YES;
				CLANG_WARN_ENUM_CONVERSION = YES;
				CLANG_WARN_INFINITE_RECURSION = YES;
				CLANG_WARN_INT_CONVERSION = YES;
				CLANG_WARN_NON_LITERAL_NULL_CONVERSION = YES;
				CLANG_WARN_OBJC_IMPLICIT_RETAIN_SELF = YES;
				CLANG_WARN_OBJC_LITERAL_CONVERSION = YES;
				CLANG_WARN_OBJC_ROOT_CLASS = YES_ERROR;
				CLANG_WARN_QUOTED_INCLUDE_IN_FRAMEWORK_HEADER = YES;
				CLANG_WARN_RANGE_LOOP_ANALYSIS = YES;
				CLANG_WARN_STRICT_PROTOTYPES = YES;
				CLANG_WARN_SUSPICIOUS_MOVE = YES;
				CLANG_WARN_UNGUARDED_AVAILABILITY = YES_AGGRESSIVE;
				CLANG_WARN_UNREACHABLE_CODE = YES;
				CLANG_WARN__DUPLICATE_METHOD_MATCH = YES;
				COPY_PHASE_STRIP = NO;
				DEBUG_INFORMATION_FORMAT = dwarf;
				ENABLE_STRICT_OBJC_MSGSEND = YES;
				ENABLE_TESTABILITY = YES;
				GCC_C_LANGUAGE_STANDARD = gnu11;
				GCC_DYNAMIC_NO_PIC = NO;
				GCC_NO_COMMON_BLOCKS = YES;
				GCC_OPTIMIZATION_LEVEL = 0;
				GCC_PREPROCESSOR_DEFINITIONS = (
					"DEBUG=1",
					"$(inherited)",
				);
				GCC_WARN_64_TO_32_BIT_CONVERSION = YES;
				GCC_WARN_ABOUT_RETURN_TYPE = YES_ERROR;
				GCC_WARN_UNDECLARED_SELECTOR = YES;
				GCC_WARN_UNINITIALIZED_AUTOS = YES_AGGRESSIVE;
				GCC_WARN_UNUSED_FUNCTION = YES;
				GCC_WARN_UNUSED_VARIABLE = YES;
				IPHONEOS_DEPLOYMENT_TARGET = 16.4;
				MTL_ENABLE_DEBUG_INFO = INCLUDE_SOURCE;
				MTL_FAST_MATH = YES;
				ONLY_ACTIVE_ARCH = YES;
				SDKROOT = iphoneos;
				SWIFT_ACTIVE_COMPILATION_CONDITIONS = DEBUG;
				SWIFT_OPTIMIZATION_LEVEL = "-Onone";
			};
			name = Debug;
		};
		8D0349482AAB03FD00038C5B /* Release */ = {
			isa = XCBuildConfiguration;
			buildSettings = {
				ALWAYS_SEARCH_USER_PATHS = NO;
				CLANG_ANALYZER_NONNULL = YES;
				CLANG_ANALYZER_NUMBER_OBJECT_CONVERSION = YES_AGGRESSIVE;
				CLANG_CXX_LANGUAGE_STANDARD = "gnu++20";
				CLANG_ENABLE_MODULES = YES;
				CLANG_ENABLE_OBJC_ARC = YES;
				CLANG_ENABLE_OBJC_WEAK = YES;
				CLANG_WARN_BLOCK_CAPTURE_AUTORELEASING = YES;
				CLANG_WARN_BOOL_CONVERSION = YES;
				CLANG_WARN_COMMA = YES;
				CLANG_WARN_CONSTANT_CONVERSION = YES;
				CLANG_WARN_DEPRECATED_OBJC_IMPLEMENTATIONS = YES;
				CLANG_WARN_DIRECT_OBJC_ISA_USAGE = YES_ERROR;
				CLANG_WARN_DOCUMENTATION_COMMENTS = YES;
				CLANG_WARN_EMPTY_BODY = YES;
				CLANG_WARN_ENUM_CONVERSION = YES;
				CLANG_WARN_INFINITE_RECURSION = YES;
				CLANG_WARN_INT_CONVERSION = YES;
				CLANG_WARN_NON_LITERAL_NULL_CONVERSION = YES;
				CLANG_WARN_OBJC_IMPLICIT_RETAIN_SELF = YES;
				CLANG_WARN_OBJC_LITERAL_CONVERSION = YES;
				CLANG_WARN_OBJC_ROOT_CLASS = YES_ERROR;
				CLANG_WARN_QUOTED_INCLUDE_IN_FRAMEWORK_HEADER = YES;
				CLANG_WARN_RANGE_LOOP_ANALYSIS = YES;
				CLANG_WARN_STRICT_PROTOTYPES = YES;
				CLANG_WARN_SUSPICIOUS_MOVE = YES;
				CLANG_WARN_UNGUARDED_AVAILABILITY = YES_AGGRESSIVE;
				CLANG_WARN_UNREACHABLE_CODE = YES;
				CLANG_WARN__DUPLICATE_METHOD_MATCH = YES;
				COPY_PHASE_STRIP = NO;
				DEBUG_INFORMATION_FORMAT = "dwarf-with-dsym";
				ENABLE_NS_ASSERTIONS = NO;
				ENABLE_STRICT_OBJC_MSGSEND = YES;
				GCC_C_LANGUAGE_STANDARD = gnu11;
				GCC_NO_COMMON_BLOCKS = YES;
				GCC_WARN_64_TO_32_BIT_CONVERSION = YES;
				GCC_WARN_ABOUT_RETURN_TYPE = YES_ERROR;
				GCC_WARN_UNDECLARED_SELECTOR = YES;
				GCC_WARN_UNINITIALIZED_AUTOS = YES_AGGRESSIVE;
				GCC_WARN_UNUSED_FUNCTION = YES;
				GCC_WARN_UNUSED_VARIABLE = YES;
				IPHONEOS_DEPLOYMENT_TARGET = 16.4;
				MTL_ENABLE_DEBUG_INFO = NO;
				MTL_FAST_MATH = YES;
				SDKROOT = iphoneos;
				SWIFT_COMPILATION_MODE = wholemodule;
				SWIFT_OPTIMIZATION_LEVEL = "-O";
				VALIDATE_PRODUCT = YES;
			};
			name = Release;
		};
		8D03494A2AAB03FD00038C5B /* Debug */ = {
			isa = XCBuildConfiguration;
			buildSettings = {
				ASSETCATALOG_COMPILER_APPICON_NAME = AppIcon;
				ASSETCATALOG_COMPILER_GLOBAL_ACCENT_COLOR_NAME = AccentColor;
				CODE_SIGN_STYLE = Automatic;
				CURRENT_PROJECT_VERSION = 1;
				DEVELOPMENT_ASSET_PATHS = "\"FructusSwiftUI/Preview Content\"";
				DEVELOPMENT_TEAM = 67SPM59V87;
				ENABLE_PREVIEWS = YES;
				GENERATE_INFOPLIST_FILE = YES;
				INFOPLIST_KEY_UIApplicationSceneManifest_Generation = YES;
				INFOPLIST_KEY_UIApplicationSupportsIndirectInputEvents = YES;
				INFOPLIST_KEY_UILaunchScreen_Generation = YES;
				INFOPLIST_KEY_UISupportedInterfaceOrientations_iPad = "UIInterfaceOrientationPortrait UIInterfaceOrientationPortraitUpsideDown UIInterfaceOrientationLandscapeLeft UIInterfaceOrientationLandscapeRight";
				INFOPLIST_KEY_UISupportedInterfaceOrientations_iPhone = "UIInterfaceOrientationPortrait UIInterfaceOrientationLandscapeLeft UIInterfaceOrientationLandscapeRight";
				IPHONEOS_DEPLOYMENT_TARGET = 16.0;
				LD_RUNPATH_SEARCH_PATHS = (
					"$(inherited)",
					"@executable_path/Frameworks",
				);
				MARKETING_VERSION = 1.0;
				PRODUCT_BUNDLE_IDENTIFIER = am.kirakosyan.FructusSwiftUI;
				PRODUCT_NAME = "$(TARGET_NAME)";
				SWIFT_EMIT_LOC_STRINGS = YES;
				SWIFT_VERSION = 5.0;
				TARGETED_DEVICE_FAMILY = "1,2";
			};
			name = Debug;
		};
		8D03494B2AAB03FD00038C5B /* Release */ = {
			isa = XCBuildConfiguration;
			buildSettings = {
				ASSETCATALOG_COMPILER_APPICON_NAME = AppIcon;
				ASSETCATALOG_COMPILER_GLOBAL_ACCENT_COLOR_NAME = AccentColor;
				CODE_SIGN_STYLE = Automatic;
				CURRENT_PROJECT_VERSION = 1;
				DEVELOPMENT_ASSET_PATHS = "\"FructusSwiftUI/Preview Content\"";
				DEVELOPMENT_TEAM = 67SPM59V87;
				ENABLE_PREVIEWS = YES;
				GENERATE_INFOPLIST_FILE = YES;
				INFOPLIST_KEY_UIApplicationSceneManifest_Generation = YES;
				INFOPLIST_KEY_UIApplicationSupportsIndirectInputEvents = YES;
				INFOPLIST_KEY_UILaunchScreen_Generation = YES;
				INFOPLIST_KEY_UISupportedInterfaceOrientations_iPad = "UIInterfaceOrientationPortrait UIInterfaceOrientationPortraitUpsideDown UIInterfaceOrientationLandscapeLeft UIInterfaceOrientationLandscapeRight";
				INFOPLIST_KEY_UISupportedInterfaceOrientations_iPhone = "UIInterfaceOrientationPortrait UIInterfaceOrientationLandscapeLeft UIInterfaceOrientationLandscapeRight";
				IPHONEOS_DEPLOYMENT_TARGET = 16.0;
				LD_RUNPATH_SEARCH_PATHS = (
					"$(inherited)",
					"@executable_path/Frameworks",
				);
				MARKETING_VERSION = 1.0;
				PRODUCT_BUNDLE_IDENTIFIER = am.kirakosyan.FructusSwiftUI;
				PRODUCT_NAME = "$(TARGET_NAME)";
				SWIFT_EMIT_LOC_STRINGS = YES;
				SWIFT_VERSION = 5.0;
				TARGETED_DEVICE_FAMILY = "1,2";
			};
			name = Release;
		};
/* End XCBuildConfiguration section */

/* Begin XCConfigurationList section */
		8D0349362AAB03FB00038C5B /* Build configuration list for PBXProject "FructusSwiftUI" */ = {
			isa = XCConfigurationList;
			buildConfigurations = (
				8D0349472AAB03FD00038C5B /* Debug */,
				8D0349482AAB03FD00038C5B /* Release */,
			);
			defaultConfigurationIsVisible = 0;
			defaultConfigurationName = Release;
		};
		8D0349492AAB03FD00038C5B /* Build configuration list for PBXNativeTarget "FructusSwiftUI" */ = {
			isa = XCConfigurationList;
			buildConfigurations = (
				8D03494A2AAB03FD00038C5B /* Debug */,
				8D03494B2AAB03FD00038C5B /* Release */,
			);
			defaultConfigurationIsVisible = 0;
			defaultConfigurationName = Release;
		};
/* End XCConfigurationList section */
	};
	rootObject = 8D0349332AAB03FB00038C5B /* Project object */;
}
